// !$*UTF8*$!
{
	archiveVersion = 1;
	classes = {
	};
	objectVersion = 46;
	objects = {

/* Begin PBXBuildFile section */
		AE059BEC19E9634E00CC4E84 /* main.cpp in Sources */ = {isa = PBXBuildFile; fileRef = AE059BEB19E9634E00CC4E84 /* main.cpp */; };
		AE059BF419E963AC00CC4E84 /* ReadJson.cpp in Sources */ = {isa = PBXBuildFile; fileRef = AE059BF319E963AC00CC4E84 /* ReadJson.cpp */; };
		AE059BF719E963E400CC4E84 /* json.cpp in Sources */ = {isa = PBXBuildFile; fileRef = AE059BF519E963E400CC4E84 /* json.cpp */; };
		AE059BFA19E9642E00CC4E84 /* block_allocator.cpp in Sources */ = {isa = PBXBuildFile; fileRef = AE059BF819E9642E00CC4E84 /* block_allocator.cpp */; };
		AE059BFD19E9649000CC4E84 /* CorpusUnrollsReader.cpp in Sources */ = {isa = PBXBuildFile; fileRef = AE059BFB19E9649000CC4E84 /* CorpusUnrollsReader.cpp */; };
		AE059C0019E9651400CC4E84 /* RnnLib.cpp in Sources */ = {isa = PBXBuildFile; fileRef = AE059BFE19E9651400CC4E84 /* RnnLib.cpp */; };
		AE059C0519E96BF800CC4E84 /* RnnTraining.cpp in Sources */ = {isa = PBXBuildFile; fileRef = AE059C0319E96BF800CC4E84 /* RnnTraining.cpp */; };
		AE059C0819E9729500CC4E84 /* RnnDependencyTreeLib.cpp in Sources */ = {isa = PBXBuildFile; fileRef = AE059C0619E9729500CC4E84 /* RnnDependencyTreeLib.cpp */; };
		AE059C0B19EC15BC00CC4E84 /* CommandLineParser.cpp in Sources */ = {isa = PBXBuildFile; fileRef = AE059C0919EC15BC00CC4E84 /* CommandLineParser.cpp */; };
		AE9464B41A064C3600D1DAC0 /* Accelerate.framework in Frameworks */ = {isa = PBXBuildFile; fileRef = AE9464B31A064C3600D1DAC0 /* Accelerate.framework */; };
/* End PBXBuildFile section */

/* Begin PBXCopyFilesBuildPhase section */
		AE059BE619E9634E00CC4E84 /* CopyFiles */ = {
			isa = PBXCopyFilesBuildPhase;
			buildActionMask = 2147483647;
			dstPath = /usr/share/man/man1;
			dstSubfolderSpec = 0;
			files = (
			);
			runOnlyForDeploymentPostprocessing = 1;
		};
/* End PBXCopyFilesBuildPhase section */

/* Begin PBXFileReference section */
		AE059BE819E9634E00CC4E84 /* DependencyTreeRNN++ */ = {isa = PBXFileReference; explicitFileType = "compiled.mach-o.executable"; includeInIndex = 0; name = "DependencyTreeRNN++"; path = DependencyTreeRNN; sourceTree = BUILT_PRODUCTS_DIR; };
		AE059BEB19E9634E00CC4E84 /* main.cpp */ = {isa = PBXFileReference; indentWidth = 2; lastKnownFileType = sourcecode.cpp.cpp; path = main.cpp; sourceTree = "<group>"; tabWidth = 2; };
		AE059BF219E9637500CC4E84 /* ReadJson.h */ = {isa = PBXFileReference; indentWidth = 2; lastKnownFileType = sourcecode.c.h; path = ReadJson.h; sourceTree = "<group>"; tabWidth = 2; };
		AE059BF319E963AC00CC4E84 /* ReadJson.cpp */ = {isa = PBXFileReference; fileEncoding = 4; indentWidth = 2; lastKnownFileType = sourcecode.cpp.cpp; path = ReadJson.cpp; sourceTree = "<group>"; tabWidth = 2; };
		AE059BF519E963E400CC4E84 /* json.cpp */ = {isa = PBXFileReference; fileEncoding = 4; lastKnownFileType = sourcecode.cpp.cpp; path = json.cpp; sourceTree = "<group>"; };
		AE059BF619E963E400CC4E84 /* json.h */ = {isa = PBXFileReference; fileEncoding = 4; lastKnownFileType = sourcecode.c.h; path = json.h; sourceTree = "<group>"; };
		AE059BF819E9642E00CC4E84 /* block_allocator.cpp */ = {isa = PBXFileReference; fileEncoding = 4; lastKnownFileType = sourcecode.cpp.cpp; path = block_allocator.cpp; sourceTree = "<group>"; };
		AE059BF919E9642E00CC4E84 /* block_allocator.h */ = {isa = PBXFileReference; fileEncoding = 4; lastKnownFileType = sourcecode.c.h; path = block_allocator.h; sourceTree = "<group>"; };
		AE059BFB19E9649000CC4E84 /* CorpusUnrollsReader.cpp */ = {isa = PBXFileReference; fileEncoding = 4; indentWidth = 2; lastKnownFileType = sourcecode.cpp.cpp; path = CorpusUnrollsReader.cpp; sourceTree = "<group>"; tabWidth = 2; };
		AE059BFC19E9649000CC4E84 /* CorpusUnrollsReader.h */ = {isa = PBXFileReference; fileEncoding = 4; lastKnownFileType = sourcecode.c.h; path = CorpusUnrollsReader.h; sourceTree = "<group>"; };
		AE059BFE19E9651400CC4E84 /* RnnLib.cpp */ = {isa = PBXFileReference; fileEncoding = 4; lastKnownFileType = sourcecode.cpp.cpp; path = RnnLib.cpp; sourceTree = "<group>"; };
		AE059BFF19E9651400CC4E84 /* RnnLib.h */ = {isa = PBXFileReference; fileEncoding = 4; lastKnownFileType = sourcecode.c.h; path = RnnLib.h; sourceTree = "<group>"; };
		AE059C0119E9654400CC4E84 /* RnnState.h */ = {isa = PBXFileReference; lastKnownFileType = sourcecode.c.h; path = RnnState.h; sourceTree = "<group>"; };
		AE059C0219E9659300CC4E84 /* CorpusWordReader.h */ = {isa = PBXFileReference; lastKnownFileType = sourcecode.c.h; path = CorpusWordReader.h; sourceTree = "<group>"; };
		AE059C0319E96BF800CC4E84 /* RnnTraining.cpp */ = {isa = PBXFileReference; fileEncoding = 4; indentWidth = 2; lastKnownFileType = sourcecode.cpp.cpp; path = RnnTraining.cpp; sourceTree = "<group>"; tabWidth = 2; };
		AE059C0419E96BF800CC4E84 /* RnnTraining.h */ = {isa = PBXFileReference; fileEncoding = 4; indentWidth = 2; lastKnownFileType = sourcecode.c.h; path = RnnTraining.h; sourceTree = "<group>"; tabWidth = 2; };
		AE059C0619E9729500CC4E84 /* RnnDependencyTreeLib.cpp */ = {isa = PBXFileReference; fileEncoding = 4; indentWidth = 2; lastKnownFileType = sourcecode.cpp.cpp; lineEnding = 0; path = RnnDependencyTreeLib.cpp; sourceTree = "<group>"; tabWidth = 2; };
		AE059C0719E9729500CC4E84 /* RnnDependencyTreeLib.h */ = {isa = PBXFileReference; fileEncoding = 4; indentWidth = 2; lastKnownFileType = sourcecode.c.h; path = RnnDependencyTreeLib.h; sourceTree = "<group>"; tabWidth = 2; };
		AE059C0919EC15BC00CC4E84 /* CommandLineParser.cpp */ = {isa = PBXFileReference; fileEncoding = 4; indentWidth = 2; lastKnownFileType = sourcecode.cpp.cpp; path = CommandLineParser.cpp; sourceTree = "<group>"; tabWidth = 2; };
		AE059C0A19EC15BC00CC4E84 /* CommandLineParser.h */ = {isa = PBXFileReference; fileEncoding = 4; lastKnownFileType = sourcecode.c.h; path = CommandLineParser.h; sourceTree = "<group>"; };
		AE9464B31A064C3600D1DAC0 /* Accelerate.framework */ = {isa = PBXFileReference; lastKnownFileType = wrapper.framework; name = Accelerate.framework; path = System/Library/Frameworks/Accelerate.framework; sourceTree = SDKROOT; };
/* End PBXFileReference section */

/* Begin PBXFrameworksBuildPhase section */
		AE059BE519E9634E00CC4E84 /* Frameworks */ = {
			isa = PBXFrameworksBuildPhase;
			buildActionMask = 2147483647;
			files = (
				AE9464B41A064C3600D1DAC0 /* Accelerate.framework in Frameworks */,
			);
			runOnlyForDeploymentPostprocessing = 0;
		};
/* End PBXFrameworksBuildPhase section */

/* Begin PBXGroup section */
		AE059BDF19E9634D00CC4E84 = {
			isa = PBXGroup;
			children = (
				AE9464B31A064C3600D1DAC0 /* Accelerate.framework */,
				AE059BEA19E9634E00CC4E84 /* DependencyTreeRNN++ */,
				AE059BE919E9634E00CC4E84 /* Products */,
			);
			sourceTree = "<group>";
		};
		AE059BE919E9634E00CC4E84 /* Products */ = {
			isa = PBXGroup;
			children = (
				AE059BE819E9634E00CC4E84 /* DependencyTreeRNN++ */,
			);
			name = Products;
			sourceTree = "<group>";
		};
		AE059BEA19E9634E00CC4E84 /* DependencyTreeRNN++ */ = {
			isa = PBXGroup;
			children = (
				AE059BEB19E9634E00CC4E84 /* main.cpp */,
				AE059BF219E9637500CC4E84 /* ReadJson.h */,
				AE059BF319E963AC00CC4E84 /* ReadJson.cpp */,
				AE059BF519E963E400CC4E84 /* json.cpp */,
				AE059BF619E963E400CC4E84 /* json.h */,
				AE059BF819E9642E00CC4E84 /* block_allocator.cpp */,
				AE059BF919E9642E00CC4E84 /* block_allocator.h */,
				AE059BFB19E9649000CC4E84 /* CorpusUnrollsReader.cpp */,
				AE059BFC19E9649000CC4E84 /* CorpusUnrollsReader.h */,
				AE059BFE19E9651400CC4E84 /* RnnLib.cpp */,
				AE059BFF19E9651400CC4E84 /* RnnLib.h */,
				AE059C0119E9654400CC4E84 /* RnnState.h */,
				AE059C0219E9659300CC4E84 /* CorpusWordReader.h */,
				AE059C0319E96BF800CC4E84 /* RnnTraining.cpp */,
				AE059C0419E96BF800CC4E84 /* RnnTraining.h */,
				AE059C0619E9729500CC4E84 /* RnnDependencyTreeLib.cpp */,
				AE059C0719E9729500CC4E84 /* RnnDependencyTreeLib.h */,
				AE059C0919EC15BC00CC4E84 /* CommandLineParser.cpp */,
				AE059C0A19EC15BC00CC4E84 /* CommandLineParser.h */,
			);
			path = "DependencyTreeRNN++";
			sourceTree = "<group>";
		};
/* End PBXGroup section */

/* Begin PBXNativeTarget section */
		AE059BE719E9634E00CC4E84 /* DependencyTreeRNN */ = {
			isa = PBXNativeTarget;
			buildConfigurationList = AE059BEF19E9634E00CC4E84 /* Build configuration list for PBXNativeTarget "DependencyTreeRNN" */;
			buildPhases = (
				AE059BE419E9634E00CC4E84 /* Sources */,
				AE059BE519E9634E00CC4E84 /* Frameworks */,
				AE059BE619E9634E00CC4E84 /* CopyFiles */,
			);
			buildRules = (
			);
			dependencies = (
			);
			name = DependencyTreeRNN;
			productName = "DependencyTreeRNN++";
			productReference = AE059BE819E9634E00CC4E84 /* DependencyTreeRNN++ */;
			productType = "com.apple.product-type.tool";
		};
/* End PBXNativeTarget section */

/* Begin PBXProject section */
		AE059BE019E9634E00CC4E84 /* Project object */ = {
			isa = PBXProject;
			attributes = {
				LastUpgradeCheck = 0600;
				ORGANIZATIONNAME = "Piotr Mirowski";
				TargetAttributes = {
					AE059BE719E9634E00CC4E84 = {
						CreatedOnToolsVersion = 6.0.1;
					};
				};
			};
			buildConfigurationList = AE059BE319E9634E00CC4E84 /* Build configuration list for PBXProject "DependencyTreeRNN" */;
			compatibilityVersion = "Xcode 3.2";
			developmentRegion = English;
			hasScannedForEncodings = 0;
			knownRegions = (
				en,
			);
			mainGroup = AE059BDF19E9634D00CC4E84;
			productRefGroup = AE059BE919E9634E00CC4E84 /* Products */;
			projectDirPath = "";
			projectRoot = "";
			targets = (
				AE059BE719E9634E00CC4E84 /* DependencyTreeRNN */,
			);
		};
/* End PBXProject section */

/* Begin PBXSourcesBuildPhase section */
		AE059BE419E9634E00CC4E84 /* Sources */ = {
			isa = PBXSourcesBuildPhase;
			buildActionMask = 2147483647;
			files = (
				AE059BEC19E9634E00CC4E84 /* main.cpp in Sources */,
				AE059BF419E963AC00CC4E84 /* ReadJson.cpp in Sources */,
				AE059BF719E963E400CC4E84 /* json.cpp in Sources */,
				AE059C0019E9651400CC4E84 /* RnnLib.cpp in Sources */,
				AE059BFA19E9642E00CC4E84 /* block_allocator.cpp in Sources */,
				AE059C0819E9729500CC4E84 /* RnnDependencyTreeLib.cpp in Sources */,
				AE059C0519E96BF800CC4E84 /* RnnTraining.cpp in Sources */,
				AE059BFD19E9649000CC4E84 /* CorpusUnrollsReader.cpp in Sources */,
				AE059C0B19EC15BC00CC4E84 /* CommandLineParser.cpp in Sources */,
			);
			runOnlyForDeploymentPostprocessing = 0;
		};
/* End PBXSourcesBuildPhase section */

/* Begin XCBuildConfiguration section */
		AE059BED19E9634E00CC4E84 /* Debug */ = {
			isa = XCBuildConfiguration;
			buildSettings = {
				ALWAYS_SEARCH_USER_PATHS = NO;
				CLANG_CXX_LANGUAGE_STANDARD = "gnu++0x";
				CLANG_CXX_LIBRARY = "libc++";
				CLANG_ENABLE_MODULES = YES;
				CLANG_ENABLE_OBJC_ARC = YES;
				CLANG_WARN_BOOL_CONVERSION = YES;
				CLANG_WARN_CONSTANT_CONVERSION = YES;
				CLANG_WARN_DIRECT_OBJC_ISA_USAGE = YES_ERROR;
				CLANG_WARN_EMPTY_BODY = YES;
				CLANG_WARN_ENUM_CONVERSION = YES;
				CLANG_WARN_INT_CONVERSION = YES;
				CLANG_WARN_OBJC_ROOT_CLASS = YES_ERROR;
				CLANG_WARN_UNREACHABLE_CODE = YES;
				CLANG_WARN__DUPLICATE_METHOD_MATCH = YES;
				COPY_PHASE_STRIP = NO;
				ENABLE_STRICT_OBJC_MSGSEND = YES;
				GCC_C_LANGUAGE_STANDARD = gnu99;
				GCC_DYNAMIC_NO_PIC = NO;
				GCC_OPTIMIZATION_LEVEL = 0;
				GCC_PREPROCESSOR_DEFINITIONS = (
					"DEBUG=1",
					"$(inherited)",
				);
				GCC_SYMBOLS_PRIVATE_EXTERN = NO;
				GCC_WARN_64_TO_32_BIT_CONVERSION = YES;
				GCC_WARN_ABOUT_RETURN_TYPE = YES_ERROR;
				GCC_WARN_UNDECLARED_SELECTOR = YES;
				GCC_WARN_UNINITIALIZED_AUTOS = YES_AGGRESSIVE;
				GCC_WARN_UNUSED_FUNCTION = YES;
				GCC_WARN_UNUSED_VARIABLE = YES;
				MACOSX_DEPLOYMENT_TARGET = 10.9;
				MTL_ENABLE_DEBUG_INFO = YES;
				ONLY_ACTIVE_ARCH = YES;
				SDKROOT = macosx;
			};
			name = Debug;
		};
		AE059BEE19E9634E00CC4E84 /* Release */ = {
			isa = XCBuildConfiguration;
			buildSettings = {
				ALWAYS_SEARCH_USER_PATHS = NO;
				CLANG_CXX_LANGUAGE_STANDARD = "gnu++0x";
				CLANG_CXX_LIBRARY = "libc++";
				CLANG_ENABLE_MODULES = YES;
				CLANG_ENABLE_OBJC_ARC = YES;
				CLANG_WARN_BOOL_CONVERSION = YES;
				CLANG_WARN_CONSTANT_CONVERSION = YES;
				CLANG_WARN_DIRECT_OBJC_ISA_USAGE = YES_ERROR;
				CLANG_WARN_EMPTY_BODY = YES;
				CLANG_WARN_ENUM_CONVERSION = YES;
				CLANG_WARN_INT_CONVERSION = YES;
				CLANG_WARN_OBJC_ROOT_CLASS = YES_ERROR;
				CLANG_WARN_UNREACHABLE_CODE = YES;
				CLANG_WARN__DUPLICATE_METHOD_MATCH = YES;
				COPY_PHASE_STRIP = YES;
				DEBUG_INFORMATION_FORMAT = "dwarf-with-dsym";
				ENABLE_NS_ASSERTIONS = NO;
				ENABLE_STRICT_OBJC_MSGSEND = YES;
				GCC_C_LANGUAGE_STANDARD = gnu99;
				GCC_WARN_64_TO_32_BIT_CONVERSION = YES;
				GCC_WARN_ABOUT_RETURN_TYPE = YES_ERROR;
				GCC_WARN_UNDECLARED_SELECTOR = YES;
				GCC_WARN_UNINITIALIZED_AUTOS = YES_AGGRESSIVE;
				GCC_WARN_UNUSED_FUNCTION = YES;
				GCC_WARN_UNUSED_VARIABLE = YES;
				MACOSX_DEPLOYMENT_TARGET = 10.9;
				MTL_ENABLE_DEBUG_INFO = NO;
				SDKROOT = macosx;
			};
			name = Release;
		};
		AE059BF019E9634E00CC4E84 /* Debug */ = {
			isa = XCBuildConfiguration;
			buildSettings = {
				HEADER_SEARCH_PATHS = (
					"$(inherited)",
					/Applications/Xcode.app/Contents/Developer/Toolchains/XcodeDefault.xctoolchain/usr/include,
					/Applications/Xcode.app/Contents/Developer/Platforms/MacOSX.platform/Developer/SDKs/MacOSX10.9.sdk/System/Library/Frameworks/Accelerate.framework/Versions/A/Frameworks/vecLib.framework/Versions/A/Headers/,
				);
				LIBRARY_SEARCH_PATHS = "";
				PRODUCT_NAME = DependencyTreeRNN;
			};
			name = Debug;
		};
		AE059BF119E9634E00CC4E84 /* Release */ = {
			isa = XCBuildConfiguration;
			buildSettings = {
				HEADER_SEARCH_PATHS = (
					"$(inherited)",
					/Applications/Xcode.app/Contents/Developer/Toolchains/XcodeDefault.xctoolchain/usr/include,
					/Applications/Xcode.app/Contents/Developer/Platforms/MacOSX.platform/Developer/SDKs/MacOSX10.9.sdk/System/Library/Frameworks/Accelerate.framework/Versions/A/Frameworks/vecLib.framework/Versions/A/Headers/,
				);
				LIBRARY_SEARCH_PATHS = "";
				ONLY_ACTIVE_ARCH = YES;
				PRODUCT_NAME = DependencyTreeRNN;
			};
			name = Release;
		};
/* End XCBuildConfiguration section */

/* Begin XCConfigurationList section */
		AE059BE319E9634E00CC4E84 /* Build configuration list for PBXProject "DependencyTreeRNN" */ = {
			isa = XCConfigurationList;
			buildConfigurations = (
				AE059BED19E9634E00CC4E84 /* Debug */,
				AE059BEE19E9634E00CC4E84 /* Release */,
			);
			defaultConfigurationIsVisible = 0;
			defaultConfigurationName = Release;
		};
		AE059BEF19E9634E00CC4E84 /* Build configuration list for PBXNativeTarget "DependencyTreeRNN" */ = {
			isa = XCConfigurationList;
			buildConfigurations = (
				AE059BF019E9634E00CC4E84 /* Debug */,
				AE059BF119E9634E00CC4E84 /* Release */,
			);
			defaultConfigurationIsVisible = 0;
			defaultConfigurationName = Release;
		};
/* End XCConfigurationList section */
	};
	rootObject = AE059BE019E9634E00CC4E84 /* Project object */;
}
