<?xml version="1.0" encoding="UTF-8"?>
<Scheme
   LastUpgradeVersion = "0600"
   version = "1.3">
   <BuildAction
      parallelizeBuildables = "YES"
      buildImplicitDependencies = "YES">
      <BuildActionEntries>
         <BuildActionEntry
            buildForTesting = "YES"
            buildForRunning = "YES"
            buildForProfiling = "YES"
            buildForArchiving = "YES"
            buildForAnalyzing = "YES">
            <BuildableReference
               BuildableIdentifier = "primary"
               BlueprintIdentifier = "AE059BE719E9634E00CC4E84"
               BuildableName = "DependencyTreeRNN"
               BlueprintName = "DependencyTreeRNN"
               ReferencedContainer = "container:DependencyTreeRNN.xcodeproj">
            </BuildableReference>
         </BuildActionEntry>
      </BuildActionEntries>
   </BuildAction>
   <TestAction
      selectedDebuggerIdentifier = "Xcode.DebuggerFoundation.Debugger.LLDB"
      selectedLauncherIdentifier = "Xcode.DebuggerFoundation.Launcher.LLDB"
      shouldUseLaunchSchemeArgsEnv = "YES"
      buildConfiguration = "Debug">
      <Testables>
      </Testables>
      <MacroExpansion>
         <BuildableReference
            BuildableIdentifier = "primary"
            BlueprintIdentifier = "AE059BE719E9634E00CC4E84"
            BuildableName = "DependencyTreeRNN"
            BlueprintName = "DependencyTreeRNN"
            ReferencedContainer = "container:DependencyTreeRNN.xcodeproj">
         </BuildableReference>
      </MacroExpansion>
   </TestAction>
   <LaunchAction
      selectedDebuggerIdentifier = "Xcode.DebuggerFoundation.Debugger.LLDB"
      selectedLauncherIdentifier = "Xcode.DebuggerFoundation.Launcher.LLDB"
      launchStyle = "0"
      useCustomWorkingDirectory = "NO"
      buildConfiguration = "Release"
      ignoresPersistentStateOnLaunch = "NO"
      debugDocumentVersioning = "YES"
      allowLocationSimulation = "YES">
      <BuildableProductRunnable>
         <BuildableReference
            BuildableIdentifier = "primary"
            BlueprintIdentifier = "AE059BE719E9634E00CC4E84"
            BuildableName = "DependencyTreeRNN"
            BlueprintName = "DependencyTreeRNN"
            ReferencedContainer = "container:DependencyTreeRNN.xcodeproj">
         </BuildableReference>
      </BuildableProductRunnable>
      <CommandLineArguments>
         <CommandLineArgument
            argument = "-valid /Users/piotr/Documents/Projets/Microsoft/Data/GutenbergHolmes/valid.txt"
            isEnabled = "YES">
         </CommandLineArgument>
         <CommandLineArgument
            argument = "-path-json-books /Users/piotr/Documents/Projets/Microsoft/Data/GutenbergHolmes/"
            isEnabled = "YES">
         </CommandLineArgument>
         <CommandLineArgument
            argument = "-min-word-occurrence 2"
            isEnabled = "YES">
         </CommandLineArgument>
         <CommandLineArgument
            argument = "-feature-labels-type 2"
            isEnabled = "YES">
         </CommandLineArgument>
         <CommandLineArgument
            argument = "-rnnlm /Users/piotr/Documents/Projets/Microsoft/Data/GutenbergHolmes.model"
            isEnabled = "YES">
         </CommandLineArgument>
         <CommandLineArgument
            argument = "-train /Users/piotr/Documents/Projets/Microsoft/Data/GutenbergHolmes/train_small.txt"
            isEnabled = "YES">
         </CommandLineArgument>
         <CommandLineArgument
            argument = "-hidden 100"
            isEnabled = "YES">
         </CommandLineArgument>
         <CommandLineArgument
            argument = "-direct 200"
            isEnabled = "YES">
         </CommandLineArgument>
         <CommandLineArgument
            argument = "-direct-order 3"
            isEnabled = "YES">
         </CommandLineArgument>
         <CommandLineArgument
            argument = "-bptt 4"
            isEnabled = "YES">
         </CommandLineArgument>
         <CommandLineArgument
            argument = "-class 100"
            isEnabled = "YES">
         </CommandLineArgument>
         <CommandLineArgument
            argument = "-debug true"
            isEnabled = "YES">
         </CommandLineArgument>
      </CommandLineArguments>
      <AdditionalOptions>
      </AdditionalOptions>
   </LaunchAction>
   <ProfileAction
      shouldUseLaunchSchemeArgsEnv = "YES"
      savedToolIdentifier = ""
      useCustomWorkingDirectory = "NO"
      buildConfiguration = "Release"
      debugDocumentVersioning = "YES">
      <BuildableProductRunnable>
         <BuildableReference
            BuildableIdentifier = "primary"
            BlueprintIdentifier = "AE059BE719E9634E00CC4E84"
            BuildableName = "DependencyTreeRNN"
            BlueprintName = "DependencyTreeRNN"
            ReferencedContainer = "container:DependencyTreeRNN.xcodeproj">
         </BuildableReference>
      </BuildableProductRunnable>
   </ProfileAction>
   <AnalyzeAction
      buildConfiguration = "Debug">
   </AnalyzeAction>
   <ArchiveAction
      buildConfiguration = "Release"
      revealArchiveInOrganizer = "YES">
   </ArchiveAction>
</Scheme>
